
Microsoft Visual Studio Solution File, Format Version 12.00
# Visual Studio 15
VisualStudioVersion = 15.0.27703.2035
MinimumVisualStudioVersion = 10.0.40219.1
Project("{FAE04EC0-301F-11D3-BF4B-00C04F79EFBC}") = "Reducto.Tests", "src\Reducto.Tests\Reducto.Tests.csproj", "{74FEF20E-0AC9-431A-A8FA-178AFFA678B3}"
EndProject
Project("{FAE04EC0-301F-11D3-BF4B-00C04F79EFBC}") = "Reducto", "src\Reducto\Reducto.csproj", "{791678FE-0CF1-4A84-BCBD-EB6DBBAB10CD}"
EndProject
Global
	GlobalSection(SolutionConfigurationPlatforms) = preSolution
		Debug|Any CPU = Debug|Any CPU
		Release|Any CPU = Release|Any CPU
	EndGlobalSection
	GlobalSection(ProjectConfigurationPlatforms) = postSolution
		{74FEF20E-0AC9-431A-A8FA-178AFFA678B3}.Debug|Any CPU.ActiveCfg = Debug|Any CPU
		{74FEF20E-0AC9-431A-A8FA-178AFFA678B3}.Debug|Any CPU.Build.0 = Debug|Any CPU
		{74FEF20E-0AC9-431A-A8FA-178AFFA678B3}.Release|Any CPU.ActiveCfg = Release|Any CPU
		{74FEF20E-0AC9-431A-A8FA-178AFFA678B3}.Release|Any CPU.Build.0 = Release|Any CPU
		{791678FE-0CF1-4A84-BCBD-EB6DBBAB10CD}.Debug|Any CPU.ActiveCfg = Debug|Any CPU
		{791678FE-0CF1-4A84-BCBD-EB6DBBAB10CD}.Debug|Any CPU.Build.0 = Debug|Any CPU
		{791678FE-0CF1-4A84-BCBD-EB6DBBAB10CD}.Release|Any CPU.ActiveCfg = Release|Any CPU
		{791678FE-0CF1-4A84-BCBD-EB6DBBAB10CD}.Release|Any CPU.Build.0 = Release|Any CPU
	EndGlobalSection
	GlobalSection(SolutionProperties) = preSolution
		HideSolutionNode = FALSE
	EndGlobalSection
	GlobalSection(ExtensibilityGlobals) = postSolution
		SolutionGuid = {3E3ACF5E-314B-4BD0-B5AB-B135B7913406}
	EndGlobalSection
EndGlobal
